// !$*UTF8*$!
{
	archiveVersion = 1;
	classes = {
	};
	objectVersion = 46;
	objects = {

/* Begin PBXBuildFile section */
		FC00ABC91C0F07550029AFCC /* main.m in Sources */ = {isa = PBXBuildFile; fileRef = FC00ABC81C0F07550029AFCC /* main.m */; };
		FC00ABD41C0F0AA20029AFCC /* WQTRequest.m in Sources */ = {isa = PBXBuildFile; fileRef = FC00ABD31C0F0AA20029AFCC /* WQTRequest.m */; };
		FC00ABD71C0F0E2E0029AFCC /* WQTResourceList.m in Sources */ = {isa = PBXBuildFile; fileRef = FC00ABD61C0F0E2E0029AFCC /* WQTResourceList.m */; };
		FC00ABDA1C0F0EB70029AFCC /* WQTResourceItem.m in Sources */ = {isa = PBXBuildFile; fileRef = FC00ABD91C0F0EB70029AFCC /* WQTResourceItem.m */; };
		FC00ABDE1C0F104E0029AFCC /* WQTDeviceItem.m in Sources */ = {isa = PBXBuildFile; fileRef = FC00ABDD1C0F104E0029AFCC /* WQTDeviceItem.m */; };
		FCF94C351C1067EE004D86E8 /* WQTEventItem.m in Sources */ = {isa = PBXBuildFile; fileRef = FCF94C341C1067EE004D86E8 /* WQTEventItem.m */; };
		FCF94C381C106869004D86E8 /* WQTEventManager.m in Sources */ = {isa = PBXBuildFile; fileRef = FCF94C371C106869004D86E8 /* WQTEventManager.m */; };
/* End PBXBuildFile section */

/* Begin PBXCopyFilesBuildPhase section */
		FC00ABC31C0F07550029AFCC /* CopyFiles */ = {
			isa = PBXCopyFilesBuildPhase;
			buildActionMask = 2147483647;
			dstPath = /usr/share/man/man1/;
			dstSubfolderSpec = 0;
			files = (
			);
			runOnlyForDeploymentPostprocessing = 1;
		};
/* End PBXCopyFilesBuildPhase section */

/* Begin PBXFileReference section */
		FC00ABC51C0F07550029AFCC /* 01-AssembleComputer */ = {isa = PBXFileReference; explicitFileType = "compiled.mach-o.executable"; includeInIndex = 0; path = "01-AssembleComputer"; sourceTree = BUILT_PRODUCTS_DIR; };
		FC00ABC81C0F07550029AFCC /* main.m */ = {isa = PBXFileReference; lastKnownFileType = sourcecode.c.objc; path = main.m; sourceTree = "<group>"; };
		FC00ABD21C0F0AA20029AFCC /* WQTRequest.h */ = {isa = PBXFileReference; fileEncoding = 4; lastKnownFileType = sourcecode.c.h; path = WQTRequest.h; sourceTree = "<group>"; };
		FC00ABD31C0F0AA20029AFCC /* WQTRequest.m */ = {isa = PBXFileReference; fileEncoding = 4; lastKnownFileType = sourcecode.c.objc; path = WQTRequest.m; sourceTree = "<group>"; };
		FC00ABD51C0F0E2E0029AFCC /* WQTResourceList.h */ = {isa = PBXFileReference; fileEncoding = 4; lastKnownFileType = sourcecode.c.h; path = WQTResourceList.h; sourceTree = "<group>"; };
		FC00ABD61C0F0E2E0029AFCC /* WQTResourceList.m */ = {isa = PBXFileReference; fileEncoding = 4; lastKnownFileType = sourcecode.c.objc; path = WQTResourceList.m; sourceTree = "<group>"; };
		FC00ABD81C0F0EB70029AFCC /* WQTResourceItem.h */ = {isa = PBXFileReference; fileEncoding = 4; lastKnownFileType = sourcecode.c.h; path = WQTResourceItem.h; sourceTree = "<group>"; };
		FC00ABD91C0F0EB70029AFCC /* WQTResourceItem.m */ = {isa = PBXFileReference; fileEncoding = 4; lastKnownFileType = sourcecode.c.objc; path = WQTResourceItem.m; sourceTree = "<group>"; };
		FC00ABDC1C0F104E0029AFCC /* WQTDeviceItem.h */ = {isa = PBXFileReference; fileEncoding = 4; lastKnownFileType = sourcecode.c.h; path = WQTDeviceItem.h; sourceTree = "<group>"; };
		FC00ABDD1C0F104E0029AFCC /* WQTDeviceItem.m */ = {isa = PBXFileReference; fileEncoding = 4; lastKnownFileType = sourcecode.c.objc; path = WQTDeviceItem.m; sourceTree = "<group>"; };
		FCF94C331C1067EE004D86E8 /* WQTEventItem.h */ = {isa = PBXFileReference; fileEncoding = 4; lastKnownFileType = sourcecode.c.h; path = WQTEventItem.h; sourceTree = "<group>"; };
		FCF94C341C1067EE004D86E8 /* WQTEventItem.m */ = {isa = PBXFileReference; fileEncoding = 4; lastKnownFileType = sourcecode.c.objc; path = WQTEventItem.m; sourceTree = "<group>"; };
		FCF94C361C106869004D86E8 /* WQTEventManager.h */ = {isa = PBXFileReference; fileEncoding = 4; lastKnownFileType = sourcecode.c.h; path = WQTEventManager.h; sourceTree = "<group>"; };
		FCF94C371C106869004D86E8 /* WQTEventManager.m */ = {isa = PBXFileReference; fileEncoding = 4; lastKnownFileType = sourcecode.c.objc; path = WQTEventManager.m; sourceTree = "<group>"; };
		FCF94C391C107531004D86E8 /* Header.h */ = {isa = PBXFileReference; lastKnownFileType = sourcecode.c.h; path = Header.h; sourceTree = "<group>"; };
/* End PBXFileReference section */

/* Begin PBXFrameworksBuildPhase section */
		FC00ABC21C0F07550029AFCC /* Frameworks */ = {
			isa = PBXFrameworksBuildPhase;
			buildActionMask = 2147483647;
			files = (
			);
			runOnlyForDeploymentPostprocessing = 0;
		};
/* End PBXFrameworksBuildPhase section */

/* Begin PBXGroup section */
		FC00ABBC1C0F07550029AFCC = {
			isa = PBXGroup;
			children = (
				FC00ABC71C0F07550029AFCC /* 01-AssembleComputer */,
				FC00ABC61C0F07550029AFCC /* Products */,
			);
			sourceTree = "<group>";
		};
		FC00ABC61C0F07550029AFCC /* Products */ = {
			isa = PBXGroup;
			children = (
				FC00ABC51C0F07550029AFCC /* 01-AssembleComputer */,
			);
			name = Products;
			sourceTree = "<group>";
		};
		FC00ABC71C0F07550029AFCC /* 01-AssembleComputer */ = {
			isa = PBXGroup;
			children = (
				FC00ABDB1C0F102E0029AFCC /* 通用数据模型 */,
				FC00ABD11C0F0A800029AFCC /* 自定义类 */,
				FC00ABD01C0F0A750029AFCC /* 配件选取页面 */,
				FC00ABCF1C0F0A600029AFCC /* 配置清单页面 */,
				FC00ABC81C0F07550029AFCC /* main.m */,
			);
			path = "01-AssembleComputer";
			sourceTree = "<group>";
		};
		FC00ABCF1C0F0A600029AFCC /* 配置清单页面 */ = {
			isa = PBXGroup;
			children = (
				FC00ABD51C0F0E2E0029AFCC /* WQTResourceList.h */,
				FC00ABD61C0F0E2E0029AFCC /* WQTResourceList.m */,
				FC00ABD81C0F0EB70029AFCC /* WQTResourceItem.h */,
				FC00ABD91C0F0EB70029AFCC /* WQTResourceItem.m */,
			);
			name = "配置清单页面";
			sourceTree = "<group>";
		};
		FC00ABD01C0F0A750029AFCC /* 配件选取页面 */ = {
			isa = PBXGroup;
			children = (
			);
			name = "配件选取页面";
			sourceTree = "<group>";
		};
		FC00ABD11C0F0A800029AFCC /* 自定义类 */ = {
			isa = PBXGroup;
			children = (
				FC00ABD21C0F0AA20029AFCC /* WQTRequest.h */,
				FC00ABD31C0F0AA20029AFCC /* WQTRequest.m */,
				FCF94C331C1067EE004D86E8 /* WQTEventItem.h */,
				FCF94C341C1067EE004D86E8 /* WQTEventItem.m */,
				FCF94C361C106869004D86E8 /* WQTEventManager.h */,
				FCF94C371C106869004D86E8 /* WQTEventManager.m */,
				FCF94C391C107531004D86E8 /* Header.h */,
			);
			name = "自定义类";
			sourceTree = "<group>";
		};
		FC00ABDB1C0F102E0029AFCC /* 通用数据模型 */ = {
			isa = PBXGroup;
			children = (
				FC00ABDC1C0F104E0029AFCC /* WQTDeviceItem.h */,
				FC00ABDD1C0F104E0029AFCC /* WQTDeviceItem.m */,
			);
			name = "通用数据模型";
			sourceTree = "<group>";
		};
/* End PBXGroup section */

/* Begin PBXNativeTarget section */
		FC00ABC41C0F07550029AFCC /* 01-AssembleComputer */ = {
			isa = PBXNativeTarget;
			buildConfigurationList = FC00ABCC1C0F07550029AFCC /* Build configuration list for PBXNativeTarget "01-AssembleComputer" */;
			buildPhases = (
				FC00ABC11C0F07550029AFCC /* Sources */,
				FC00ABC21C0F07550029AFCC /* Frameworks */,
				FC00ABC31C0F07550029AFCC /* CopyFiles */,
			);
			buildRules = (
			);
			dependencies = (
			);
			name = "01-AssembleComputer";
			productName = "01-AssembleComputer";
			productReference = FC00ABC51C0F07550029AFCC /* 01-AssembleComputer */;
			productType = "com.apple.product-type.tool";
		};
/* End PBXNativeTarget section */

/* Begin PBXProject section */
		FC00ABBD1C0F07550029AFCC /* Project object */ = {
			isa = PBXProject;
			attributes = {
				LastUpgradeCheck = 0640;
				ORGANIZATIONNAME = QianFeng;
				TargetAttributes = {
					FC00ABC41C0F07550029AFCC = {
						CreatedOnToolsVersion = 6.4;
					};
				};
			};
			buildConfigurationList = FC00ABC01C0F07550029AFCC /* Build configuration list for PBXProject "01-AssembleComputer" */;
			compatibilityVersion = "Xcode 3.2";
			developmentRegion = English;
			hasScannedForEncodings = 0;
			knownRegions = (
				en,
			);
			mainGroup = FC00ABBC1C0F07550029AFCC;
			productRefGroup = FC00ABC61C0F07550029AFCC /* Products */;
			projectDirPath = "";
			projectRoot = "";
			targets = (
				FC00ABC41C0F07550029AFCC /* 01-AssembleComputer */,
			);
		};
/* End PBXProject section */

/* Begin PBXSourcesBuildPhase section */
		FC00ABC11C0F07550029AFCC /* Sources */ = {
			isa = PBXSourcesBuildPhase;
			buildActionMask = 2147483647;
			files = (
				FCF94C351C1067EE004D86E8 /* WQTEventItem.m in Sources */,
				FC00ABD41C0F0AA20029AFCC /* WQTRequest.m in Sources */,
				FC00ABDE1C0F104E0029AFCC /* WQTDeviceItem.m in Sources */,
				FCF94C381C106869004D86E8 /* WQTEventManager.m in Sources */,
				FC00ABC91C0F07550029AFCC /* main.m in Sources */,
				FC00ABD71C0F0E2E0029AFCC /* WQTResourceList.m in Sources */,
				FC00ABDA1C0F0EB70029AFCC /* WQTResourceItem.m in Sources */,
			);
			runOnlyForDeploymentPostprocessing = 0;
		};
/* End PBXSourcesBuildPhase section */

/* Begin XCBuildConfiguration section */
		FC00ABCA1C0F07550029AFCC /* Debug */ = {
			isa = XCBuildConfiguration;
			buildSettings = {
				ALWAYS_SEARCH_USER_PATHS = NO;
				CLANG_CXX_LANGUAGE_STANDARD = "gnu++0x";
				CLANG_CXX_LIBRARY = "libc++";
				CLANG_ENABLE_MODULES = YES;
				CLANG_ENABLE_OBJC_ARC = YES;
				CLANG_WARN_BOOL_CONVERSION = YES;
				CLANG_WARN_CONSTANT_CONVERSION = YES;
				CLANG_WARN_DIRECT_OBJC_ISA_USAGE = YES_ERROR;
				CLANG_WARN_EMPTY_BODY = YES;
				CLANG_WARN_ENUM_CONVERSION = YES;
				CLANG_WARN_INT_CONVERSION = YES;
				CLANG_WARN_OBJC_ROOT_CLASS = YES_ERROR;
				CLANG_WARN_UNREACHABLE_CODE = YES;
				CLANG_WARN__DUPLICATE_METHOD_MATCH = YES;
				COPY_PHASE_STRIP = NO;
				DEBUG_INFORMATION_FORMAT = dwarf;
				ENABLE_STRICT_OBJC_MSGSEND = YES;
				GCC_C_LANGUAGE_STANDARD = gnu99;
				GCC_DYNAMIC_NO_PIC = NO;
				GCC_NO_COMMON_BLOCKS = YES;
				GCC_OPTIMIZATION_LEVEL = 0;
				GCC_PREPROCESSOR_DEFINITIONS = (
					"DEBUG=1",
					"$(inherited)",
				);
				GCC_SYMBOLS_PRIVATE_EXTERN = NO;
				GCC_WARN_64_TO_32_BIT_CONVERSION = YES;
				GCC_WARN_ABOUT_RETURN_TYPE = YES_ERROR;
				GCC_WARN_UNDECLARED_SELECTOR = YES;
				GCC_WARN_UNINITIALIZED_AUTOS = YES_AGGRESSIVE;
				GCC_WARN_UNUSED_FUNCTION = YES;
				GCC_WARN_UNUSED_VARIABLE = YES;
				MACOSX_DEPLOYMENT_TARGET = 10.10;
				MTL_ENABLE_DEBUG_INFO = YES;
				ONLY_ACTIVE_ARCH = YES;
				SDKROOT = macosx;
			};
			name = Debug;
		};
		FC00ABCB1C0F07550029AFCC /* Release */ = {
			isa = XCBuildConfiguration;
			buildSettings = {
				ALWAYS_SEARCH_USER_PATHS = NO;
				CLANG_CXX_LANGUAGE_STANDARD = "gnu++0x";
				CLANG_CXX_LIBRARY = "libc++";
				CLANG_ENABLE_MODULES = YES;
				CLANG_ENABLE_OBJC_ARC = YES;
				CLANG_WARN_BOOL_CONVERSION = YES;
				CLANG_WARN_CONSTANT_CONVERSION = YES;
				CLANG_WARN_DIRECT_OBJC_ISA_USAGE = YES_ERROR;
				CLANG_WARN_EMPTY_BODY = YES;
				CLANG_WARN_ENUM_CONVERSION = YES;
				CLANG_WARN_INT_CONVERSION = YES;
				CLANG_WARN_OBJC_ROOT_CLASS = YES_ERROR;
				CLANG_WARN_UNREACHABLE_CODE = YES;
				CLANG_WARN__DUPLICATE_METHOD_MATCH = YES;
				COPY_PHASE_STRIP = NO;
				DEBUG_INFORMATION_FORMAT = "dwarf-with-dsym";
				ENABLE_NS_ASSERTIONS = NO;
				ENABLE_STRICT_OBJC_MSGSEND = YES;
				GCC_C_LANGUAGE_STANDARD = gnu99;
				GCC_NO_COMMON_BLOCKS = YES;
				GCC_WARN_64_TO_32_BIT_CONVERSION = YES;
				GCC_WARN_ABOUT_RETURN_TYPE = YES_ERROR;
				GCC_WARN_UNDECLARED_SELECTOR = YES;
				GCC_WARN_UNINITIALIZED_AUTOS = YES_AGGRESSIVE;
				GCC_WARN_UNUSED_FUNCTION = YES;
				GCC_WARN_UNUSED_VARIABLE = YES;
				MACOSX_DEPLOYMENT_TARGET = 10.10;
				MTL_ENABLE_DEBUG_INFO = NO;
				SDKROOT = macosx;
			};
			name = Release;
		};
		FC00ABCD1C0F07550029AFCC /* Debug */ = {
			isa = XCBuildConfiguration;
			buildSettings = {
				PRODUCT_NAME = "$(TARGET_NAME)";
			};
			name = Debug;
		};
		FC00ABCE1C0F07550029AFCC /* Release */ = {
			isa = XCBuildConfiguration;
			buildSettings = {
				PRODUCT_NAME = "$(TARGET_NAME)";
			};
			name = Release;
		};
/* End XCBuildConfiguration section */

/* Begin XCConfigurationList section */
		FC00ABC01C0F07550029AFCC /* Build configuration list for PBXProject "01-AssembleComputer" */ = {
			isa = XCConfigurationList;
			buildConfigurations = (
				FC00ABCA1C0F07550029AFCC /* Debug */,
				FC00ABCB1C0F07550029AFCC /* Release */,
			);
			defaultConfigurationIsVisible = 0;
			defaultConfigurationName = Release;
		};
		FC00ABCC1C0F07550029AFCC /* Build configuration list for PBXNativeTarget "01-AssembleComputer" */ = {
			isa = XCConfigurationList;
			buildConfigurations = (
				FC00ABCD1C0F07550029AFCC /* Debug */,
				FC00ABCE1C0F07550029AFCC /* Release */,
			);
			defaultConfigurationIsVisible = 0;
			defaultConfigurationName = Release;
		};
/* End XCConfigurationList section */
	};
	rootObject = FC00ABBD1C0F07550029AFCC /* Project object */;
}
